
Microsoft Visual Studio Solution File, Format Version 12.00
Project("{FAE04EC0-301F-11D3-BF4B-00C04F79EFBC}") = "Calc-cs", "Calc-cs\Calc-cs.csproj", "{50F48E41-044B-4E06-BC8D-133074DE990B}"
EndProject
Global
	GlobalSection(SolutionConfigurationPlatforms) = preSolution
		Debug|Any CPU = Debug|Any CPU
		Release|Any CPU = Release|Any CPU
	EndGlobalSection
	GlobalSection(ProjectConfigurationPlatforms) = postSolution
		{50F48E41-044B-4E06-BC8D-133074DE990B}.Debug|Any CPU.ActiveCfg = Debug|Any CPU
		{50F48E41-044B-4E06-BC8D-133074DE990B}.Debug|Any CPU.Build.0 = Debug|Any CPU
		{50F48E41-044B-4E06-BC8D-133074DE990B}.Release|Any CPU.ActiveCfg = Release|Any CPU
		{50F48E41-044B-4E06-BC8D-133074DE990B}.Release|Any CPU.Build.0 = Release|Any CPU
	EndGlobalSection
EndGlobal
